
Microsoft Visual Studio Solution File, Format Version 12.00
# Visual Studio Version 17
VisualStudioVersion = 17.11.35327.3
MinimumVisualStudioVersion = 10.0.40219.1
Project("{9A19103F-16F7-4668-BE54-9A1E7A4F7556}") = "MauiKambio", "MauiKambio\MauiKambio.csproj", "{1D17F2CC-373C-48D1-ABD6-A35ADA424DE9}"
EndProject
Project("{FAE04EC0-301F-11D3-BF4B-00C04F79EFBC}") = "ClassLibraryModels", "ClassLibraryModels\ClassLibraryModels.csproj", "{D99C8530-569F-4381-BE9E-FF366E7E632E}"
EndProject
Project("{FAE04EC0-301F-11D3-BF4B-00C04F79EFBC}") = "ClassLibraryClient", "ClassLibraryClient\ClassLibraryClient.csproj", "{A16B0695-0E51-4C44-AE90-FD5A29AD6279}"
EndProject
Project("{FAE04EC0-301F-11D3-BF4B-00C04F79EFBC}") = "ClassLibraryServer", "ClassLibraryServer\ClassLibraryServer.csproj", "{0C118B59-214B-4203-A5F9-8B2C8EDD84B1}"
EndProject
Project("{FAE04EC0-301F-11D3-BF4B-00C04F79EFBC}") = "WebApi", "WebApi\WebApi.csproj", "{21986D03-16B4-4CEE-ADCA-5C9B91144A63}"
EndProject
Project("{FAE04EC0-301F-11D3-BF4B-00C04F79EFBC}") = "WebApiTest", "WebApiTest\WebApiTest.csproj", "{8FE7418F-19A5-4F2A-8E7F-8E2FC2EF1CC2}"
EndProject
Project("{2150E333-8FDC-42A3-9474-1A3956D46DE8}") = "SqlServer", "SqlServer", "{DDA4700E-2600-4376-9AB0-8BAC75A02EE5}"
	ProjectSection(SolutionItems) = preProject
		SqlQuery.sql = SqlQuery.sql
	EndProjectSection
EndProject
Global
	GlobalSection(SolutionConfigurationPlatforms) = preSolution
		Debug|Any CPU = Debug|Any CPU
		Release|Any CPU = Release|Any CPU
	EndGlobalSection
	GlobalSection(ProjectConfigurationPlatforms) = postSolution
		{1D17F2CC-373C-48D1-ABD6-A35ADA424DE9}.Debug|Any CPU.ActiveCfg = Debug|Any CPU
		{1D17F2CC-373C-48D1-ABD6-A35ADA424DE9}.Debug|Any CPU.Build.0 = Debug|Any CPU
		{1D17F2CC-373C-48D1-ABD6-A35ADA424DE9}.Debug|Any CPU.Deploy.0 = Debug|Any CPU
		{1D17F2CC-373C-48D1-ABD6-A35ADA424DE9}.Release|Any CPU.ActiveCfg = Release|Any CPU
		{1D17F2CC-373C-48D1-ABD6-A35ADA424DE9}.Release|Any CPU.Build.0 = Release|Any CPU
		{1D17F2CC-373C-48D1-ABD6-A35ADA424DE9}.Release|Any CPU.Deploy.0 = Release|Any CPU
		{D99C8530-569F-4381-BE9E-FF366E7E632E}.Debug|Any CPU.ActiveCfg = Debug|Any CPU
		{D99C8530-569F-4381-BE9E-FF366E7E632E}.Debug|Any CPU.Build.0 = Debug|Any CPU
		{D99C8530-569F-4381-BE9E-FF366E7E632E}.Release|Any CPU.ActiveCfg = Release|Any CPU
		{D99C8530-569F-4381-BE9E-FF366E7E632E}.Release|Any CPU.Build.0 = Release|Any CPU
		{A16B0695-0E51-4C44-AE90-FD5A29AD6279}.Debug|Any CPU.ActiveCfg = Debug|Any CPU
		{A16B0695-0E51-4C44-AE90-FD5A29AD6279}.Debug|Any CPU.Build.0 = Debug|Any CPU
		{A16B0695-0E51-4C44-AE90-FD5A29AD6279}.Release|Any CPU.ActiveCfg = Release|Any CPU
		{A16B0695-0E51-4C44-AE90-FD5A29AD6279}.Release|Any CPU.Build.0 = Release|Any CPU
		{0C118B59-214B-4203-A5F9-8B2C8EDD84B1}.Debug|Any CPU.ActiveCfg = Debug|Any CPU
		{0C118B59-214B-4203-A5F9-8B2C8EDD84B1}.Debug|Any CPU.Build.0 = Debug|Any CPU
		{0C118B59-214B-4203-A5F9-8B2C8EDD84B1}.Release|Any CPU.ActiveCfg = Release|Any CPU
		{0C118B59-214B-4203-A5F9-8B2C8EDD84B1}.Release|Any CPU.Build.0 = Release|Any CPU
		{21986D03-16B4-4CEE-ADCA-5C9B91144A63}.Debug|Any CPU.ActiveCfg = Debug|Any CPU
		{21986D03-16B4-4CEE-ADCA-5C9B91144A63}.Debug|Any CPU.Build.0 = Debug|Any CPU
		{21986D03-16B4-4CEE-ADCA-5C9B91144A63}.Release|Any CPU.ActiveCfg = Release|Any CPU
		{21986D03-16B4-4CEE-ADCA-5C9B91144A63}.Release|Any CPU.Build.0 = Release|Any CPU
		{8FE7418F-19A5-4F2A-8E7F-8E2FC2EF1CC2}.Debug|Any CPU.ActiveCfg = Debug|Any CPU
		{8FE7418F-19A5-4F2A-8E7F-8E2FC2EF1CC2}.Debug|Any CPU.Build.0 = Debug|Any CPU
		{8FE7418F-19A5-4F2A-8E7F-8E2FC2EF1CC2}.Release|Any CPU.ActiveCfg = Release|Any CPU
		{8FE7418F-19A5-4F2A-8E7F-8E2FC2EF1CC2}.Release|Any CPU.Build.0 = Release|Any CPU
	EndGlobalSection
	GlobalSection(SolutionProperties) = preSolution
		HideSolutionNode = FALSE
	EndGlobalSection
	GlobalSection(ExtensibilityGlobals) = postSolution
		SolutionGuid = {4620DDC3-DCEA-4DA1-A21A-F5945963A9F0}
	EndGlobalSection
EndGlobal
